// !$*UTF8*$!
{
	archiveVersion = 1;
	classes = {
	};
	objectVersion = 55;
	objects = {

/* Begin PBXBuildFile section */
		4EB2150A50A139EE8FAFEC17 /* Pods_TiliaSDKTests.framework in Frameworks */ = {isa = PBXBuildFile; fileRef = C5263EBCF7E0ECCEC353A1C3 /* Pods_TiliaSDKTests.framework */; };
		6975C66B636174B1F677154A /* Pods_TiliaSDK.framework in Frameworks */ = {isa = PBXBuildFile; fileRef = F2992F82D81AD4D672B9F9BC /* Pods_TiliaSDK.framework */; };
		D120F2CB27F1DDD5009B30DD /* TosRouter.swift in Sources */ = {isa = PBXBuildFile; fileRef = D120F2CA27F1DDD5009B30DD /* TosRouter.swift */; };
		D120F2CE27F1DEB4009B30DD /* RoutingProtocol.swift in Sources */ = {isa = PBXBuildFile; fileRef = D120F2CD27F1DEB4009B30DD /* RoutingProtocol.swift */; };
		D120F2D427F1FE84009B30DD /* TosAcceptModel.swift in Sources */ = {isa = PBXBuildFile; fileRef = D120F2D327F1FE84009B30DD /* TosAcceptModel.swift */; };
		D120F2D627F21082009B30DD /* FullFilledButton.swift in Sources */ = {isa = PBXBuildFile; fileRef = D120F2D527F21082009B30DD /* FullFilledButton.swift */; };
		D120F2D827F22A2A009B30DD /* TestViewController.swift in Sources */ = {isa = PBXBuildFile; fileRef = D120F2D727F22A2A009B30DD /* TestViewController.swift */; };
		D12443DF27EB9C7100C68811 /* TosViewModel.swift in Sources */ = {isa = PBXBuildFile; fileRef = D12443DE27EB9C7100C68811 /* TosViewModel.swift */; };
		D12443E127EB9C8100C68811 /* TosViewController.swift in Sources */ = {isa = PBXBuildFile; fileRef = D12443E027EB9C8100C68811 /* TosViewController.swift */; };
		D12443E527EB9F0300C68811 /* TextViewWithLink.swift in Sources */ = {isa = PBXBuildFile; fileRef = D12443E427EB9F0300C68811 /* TextViewWithLink.swift */; };
		D135DC7927E74A4A0009D888 /* AppDelegate.swift in Sources */ = {isa = PBXBuildFile; fileRef = D135DC7827E74A4A0009D888 /* AppDelegate.swift */; };
		D135DC7B27E74A4A0009D888 /* SceneDelegate.swift in Sources */ = {isa = PBXBuildFile; fileRef = D135DC7A27E74A4A0009D888 /* SceneDelegate.swift */; };
		D135DC7D27E74A4A0009D888 /* DemoViewController.swift in Sources */ = {isa = PBXBuildFile; fileRef = D135DC7C27E74A4A0009D888 /* DemoViewController.swift */; };
		D135DC8027E74A4A0009D888 /* Main.storyboard in Resources */ = {isa = PBXBuildFile; fileRef = D135DC7E27E74A4A0009D888 /* Main.storyboard */; };
		D135DC8227E74A510009D888 /* Assets.xcassets in Resources */ = {isa = PBXBuildFile; fileRef = D135DC8127E74A510009D888 /* Assets.xcassets */; };
		D135DC8527E74A520009D888 /* LaunchScreen.storyboard in Resources */ = {isa = PBXBuildFile; fileRef = D135DC8327E74A520009D888 /* LaunchScreen.storyboard */; };
		D135DC9027E74A540009D888 /* TiliaSDKTests.swift in Sources */ = {isa = PBXBuildFile; fileRef = D135DC8F27E74A540009D888 /* TiliaSDKTests.swift */; };
		D135DC9A27E74A540009D888 /* TiliaSDKUITests.swift in Sources */ = {isa = PBXBuildFile; fileRef = D135DC9927E74A540009D888 /* TiliaSDKUITests.swift */; };
		D135DC9C27E74A540009D888 /* TiliaSDKUITestsLaunchTests.swift in Sources */ = {isa = PBXBuildFile; fileRef = D135DC9B27E74A540009D888 /* TiliaSDKUITestsLaunchTests.swift */; };
		D135DCAC27E762460009D888 /* RouterProtocol.swift in Sources */ = {isa = PBXBuildFile; fileRef = D135DCAB27E762460009D888 /* RouterProtocol.swift */; };
		D135DCAF27E763130009D888 /* TLEnvironment.swift in Sources */ = {isa = PBXBuildFile; fileRef = D135DCAE27E763130009D888 /* TLEnvironment.swift */; };
		D135DCB327E76E090009D888 /* TLError.swift in Sources */ = {isa = PBXBuildFile; fileRef = D135DCB227E76E090009D888 /* TLError.swift */; };
		D135DCB627E7703D0009D888 /* TLManager.swift in Sources */ = {isa = PBXBuildFile; fileRef = D135DCB527E7703D0009D888 /* TLManager.swift */; };
		D135DCB827E771100009D888 /* ServerConfiguration.swift in Sources */ = {isa = PBXBuildFile; fileRef = D135DCB727E771100009D888 /* ServerConfiguration.swift */; };
		D135DCBA27E777030009D888 /* ServerClient.swift in Sources */ = {isa = PBXBuildFile; fileRef = D135DCB927E777030009D888 /* ServerClient.swift */; };
		D188165927E7C0AF0082A85B /* AccountRouter.swift in Sources */ = {isa = PBXBuildFile; fileRef = D188165827E7C0AF0082A85B /* AccountRouter.swift */; };
		D188165B27E7C0C50082A85B /* PaymentRouter.swift in Sources */ = {isa = PBXBuildFile; fileRef = D188165A27E7C0C50082A85B /* PaymentRouter.swift */; };
		D188165D27E7C0DB0082A85B /* InvoiceRouter.swift in Sources */ = {isa = PBXBuildFile; fileRef = D188165C27E7C0DB0082A85B /* InvoiceRouter.swift */; };
		D192AD7D27E8DC5D00E3DC2A /* BaseResponse.swift in Sources */ = {isa = PBXBuildFile; fileRef = D192AD7C27E8DC5D00E3DC2A /* BaseResponse.swift */; };
		D192AD8027E8DEA600E3DC2A /* Decodable+DecodeObject.swift in Sources */ = {isa = PBXBuildFile; fileRef = D192AD7F27E8DEA600E3DC2A /* Decodable+DecodeObject.swift */; };
		D192AD8227E8DEEF00E3DC2A /* Encodable+EncodeData.swift in Sources */ = {isa = PBXBuildFile; fileRef = D192AD8127E8DEEF00E3DC2A /* Encodable+EncodeData.swift */; };
		D192AD8427E8DF3D00E3DC2A /* Data+Serialization.swift in Sources */ = {isa = PBXBuildFile; fileRef = D192AD8327E8DF3D00E3DC2A /* Data+Serialization.swift */; };
		D192AD8827E8F53900E3DC2A /* TosModel.swift in Sources */ = {isa = PBXBuildFile; fileRef = D192AD8727E8F53900E3DC2A /* TosModel.swift */; };
		D192AD8A27EA2D2B00E3DC2A /* BalanceModel.swift in Sources */ = {isa = PBXBuildFile; fileRef = D192AD8927EA2D2B00E3DC2A /* BalanceModel.swift */; };
		D1C8A83227F4ED7500BF2910 /* ChekoutTitleHeaderView.swift in Sources */ = {isa = PBXBuildFile; fileRef = D1C8A83127F4ED7500BF2910 /* ChekoutTitleHeaderView.swift */; };
		D1C8A83427F4F36D00BF2910 /* CheckoutPayloadCell.swift in Sources */ = {isa = PBXBuildFile; fileRef = D1C8A83327F4F36D00BF2910 /* CheckoutPayloadCell.swift */; };
		D1C8A83627F4F5D100BF2910 /* DividerView.swift in Sources */ = {isa = PBXBuildFile; fileRef = D1C8A83527F4F5D100BF2910 /* DividerView.swift */; };
		D1C8A83827F4F84A00BF2910 /* CheckoutPayloadFooterView.swift in Sources */ = {isa = PBXBuildFile; fileRef = D1C8A83727F4F84A00BF2910 /* CheckoutPayloadFooterView.swift */; };
		D1C8A83A27F4FDA800BF2910 /* UITableView+Helpers.swift in Sources */ = {isa = PBXBuildFile; fileRef = D1C8A83927F4FDA800BF2910 /* UITableView+Helpers.swift */; };
		D1C8A83E27F4FE8D00BF2910 /* UITableViewCell+Helpers.swift in Sources */ = {isa = PBXBuildFile; fileRef = D1C8A83D27F4FE8D00BF2910 /* UITableViewCell+Helpers.swift */; };
		D1C8A84027F4FEC200BF2910 /* UITableViewHeaderFooterView+Helpers.swift in Sources */ = {isa = PBXBuildFile; fileRef = D1C8A83F27F4FEC200BF2910 /* UITableViewHeaderFooterView+Helpers.swift */; };
		D1CCE8BE27F38BF200FD0E25 /* UIColor+Colors.swift in Sources */ = {isa = PBXBuildFile; fileRef = D1CCE8BD27F38BF200FD0E25 /* UIColor+Colors.swift */; };
		D1CCE8C027F3927F00FD0E25 /* RoundedButton.swift in Sources */ = {isa = PBXBuildFile; fileRef = D1CCE8BF27F3927F00FD0E25 /* RoundedButton.swift */; };
		D1CCE8C227F3A6B900FD0E25 /* LoadableProtocol.swift in Sources */ = {isa = PBXBuildFile; fileRef = D1CCE8C127F3A6B900FD0E25 /* LoadableProtocol.swift */; };
		D1CCE8C427F4861000FD0E25 /* TLManager+InternalExtensions.swift in Sources */ = {isa = PBXBuildFile; fileRef = D1CCE8C327F4861000FD0E25 /* TLManager+InternalExtensions.swift */; };
		D1CCE8C727F4A41600FD0E25 /* CheckoutViewController.swift in Sources */ = {isa = PBXBuildFile; fileRef = D1CCE8C627F4A41600FD0E25 /* CheckoutViewController.swift */; };
		D1CCE8C927F4A42800FD0E25 /* CheckoutViewModel.swift in Sources */ = {isa = PBXBuildFile; fileRef = D1CCE8C827F4A42800FD0E25 /* CheckoutViewModel.swift */; };
		D1CCE8CB27F4A43D00FD0E25 /* CheckoutRouter.swift in Sources */ = {isa = PBXBuildFile; fileRef = D1CCE8CA27F4A43D00FD0E25 /* CheckoutRouter.swift */; };
		D1CCE8CE27F4A65100FD0E25 /* Icons.xcassets in Resources */ = {isa = PBXBuildFile; fileRef = D1CCE8CD27F4A65100FD0E25 /* Icons.xcassets */; };
		D1CCE8D127F4A9DF00FD0E25 /* UIImage+Images.swift in Sources */ = {isa = PBXBuildFile; fileRef = D1CCE8D027F4A9DF00FD0E25 /* UIImage+Images.swift */; };
		D1CCE8D327F4C34F00FD0E25 /* EmptyModel.swift in Sources */ = {isa = PBXBuildFile; fileRef = D1CCE8D227F4C34F00FD0E25 /* EmptyModel.swift */; };
		D1CCE8D627F4C5CF00FD0E25 /* TosRequiredForUserTestViewController.swift in Sources */ = {isa = PBXBuildFile; fileRef = D1CCE8D527F4C5CF00FD0E25 /* TosRequiredForUserTestViewController.swift */; };
		D1CCE8D827F4C5E400FD0E25 /* UserBalanceByCurrencyTestViewController.swift in Sources */ = {isa = PBXBuildFile; fileRef = D1CCE8D727F4C5E400FD0E25 /* UserBalanceByCurrencyTestViewController.swift */; };
		D1CCE8DA27F4C60B00FD0E25 /* TosRequiredForUserFlowTestViewController.swift in Sources */ = {isa = PBXBuildFile; fileRef = D1CCE8D927F4C60B00FD0E25 /* TosRequiredForUserFlowTestViewController.swift */; };
		D1CCE8DC27F4C62400FD0E25 /* CheckoutFlowTestViewController.swift in Sources */ = {isa = PBXBuildFile; fileRef = D1CCE8DB27F4C62400FD0E25 /* CheckoutFlowTestViewController.swift */; };
		DE8A075B715F949C9C932C21 /* Pods_TiliaSDK_TiliaSDKUITests.framework in Frameworks */ = {isa = PBXBuildFile; fileRef = D9D7D5DA3151F22D09C9CB57 /* Pods_TiliaSDK_TiliaSDKUITests.framework */; };
/* End PBXBuildFile section */

/* Begin PBXContainerItemProxy section */
		D135DC8C27E74A540009D888 /* PBXContainerItemProxy */ = {
			isa = PBXContainerItemProxy;
			containerPortal = D135DC6D27E74A4A0009D888 /* Project object */;
			proxyType = 1;
			remoteGlobalIDString = D135DC7427E74A4A0009D888;
			remoteInfo = TiliaSDK;
		};
		D135DC9627E74A540009D888 /* PBXContainerItemProxy */ = {
			isa = PBXContainerItemProxy;
			containerPortal = D135DC6D27E74A4A0009D888 /* Project object */;
			proxyType = 1;
			remoteGlobalIDString = D135DC7427E74A4A0009D888;
			remoteInfo = TiliaSDK;
		};
/* End PBXContainerItemProxy section */

/* Begin PBXFileReference section */
		17015F9D98A8CC831972F763 /* Pods-TiliaSDK.debug.xcconfig */ = {isa = PBXFileReference; includeInIndex = 1; lastKnownFileType = text.xcconfig; name = "Pods-TiliaSDK.debug.xcconfig"; path = "Target Support Files/Pods-TiliaSDK/Pods-TiliaSDK.debug.xcconfig"; sourceTree = "<group>"; };
		4801AF83E70591F9F4B3617F /* Pods-TiliaSDK-TiliaSDKUITests.release.xcconfig */ = {isa = PBXFileReference; includeInIndex = 1; lastKnownFileType = text.xcconfig; name = "Pods-TiliaSDK-TiliaSDKUITests.release.xcconfig"; path = "Target Support Files/Pods-TiliaSDK-TiliaSDKUITests/Pods-TiliaSDK-TiliaSDKUITests.release.xcconfig"; sourceTree = "<group>"; };
		4805CAC9E4F2314CA919F648 /* Pods-TiliaSDKTests.release.xcconfig */ = {isa = PBXFileReference; includeInIndex = 1; lastKnownFileType = text.xcconfig; name = "Pods-TiliaSDKTests.release.xcconfig"; path = "Target Support Files/Pods-TiliaSDKTests/Pods-TiliaSDKTests.release.xcconfig"; sourceTree = "<group>"; };
		79419D22540D98A1C1E567BB /* Pods-TiliaSDKTests.debug.xcconfig */ = {isa = PBXFileReference; includeInIndex = 1; lastKnownFileType = text.xcconfig; name = "Pods-TiliaSDKTests.debug.xcconfig"; path = "Target Support Files/Pods-TiliaSDKTests/Pods-TiliaSDKTests.debug.xcconfig"; sourceTree = "<group>"; };
		7BD7BDACC70EF057DF9DB4B1 /* Pods-TiliaSDK-TiliaSDKUITests.debug.xcconfig */ = {isa = PBXFileReference; includeInIndex = 1; lastKnownFileType = text.xcconfig; name = "Pods-TiliaSDK-TiliaSDKUITests.debug.xcconfig"; path = "Target Support Files/Pods-TiliaSDK-TiliaSDKUITests/Pods-TiliaSDK-TiliaSDKUITests.debug.xcconfig"; sourceTree = "<group>"; };
		982B375665B93548647700CF /* Pods-TiliaSDK.release.xcconfig */ = {isa = PBXFileReference; includeInIndex = 1; lastKnownFileType = text.xcconfig; name = "Pods-TiliaSDK.release.xcconfig"; path = "Target Support Files/Pods-TiliaSDK/Pods-TiliaSDK.release.xcconfig"; sourceTree = "<group>"; };
		C5263EBCF7E0ECCEC353A1C3 /* Pods_TiliaSDKTests.framework */ = {isa = PBXFileReference; explicitFileType = wrapper.framework; includeInIndex = 0; path = Pods_TiliaSDKTests.framework; sourceTree = BUILT_PRODUCTS_DIR; };
		D120F2CA27F1DDD5009B30DD /* TosRouter.swift */ = {isa = PBXFileReference; lastKnownFileType = sourcecode.swift; path = TosRouter.swift; sourceTree = "<group>"; };
		D120F2CD27F1DEB4009B30DD /* RoutingProtocol.swift */ = {isa = PBXFileReference; lastKnownFileType = sourcecode.swift; path = RoutingProtocol.swift; sourceTree = "<group>"; };
		D120F2D327F1FE84009B30DD /* TosAcceptModel.swift */ = {isa = PBXFileReference; lastKnownFileType = sourcecode.swift; path = TosAcceptModel.swift; sourceTree = "<group>"; };
		D120F2D527F21082009B30DD /* FullFilledButton.swift */ = {isa = PBXFileReference; lastKnownFileType = sourcecode.swift; path = FullFilledButton.swift; sourceTree = "<group>"; };
		D120F2D727F22A2A009B30DD /* TestViewController.swift */ = {isa = PBXFileReference; lastKnownFileType = sourcecode.swift; path = TestViewController.swift; sourceTree = "<group>"; };
		D12443DE27EB9C7100C68811 /* TosViewModel.swift */ = {isa = PBXFileReference; lastKnownFileType = sourcecode.swift; path = TosViewModel.swift; sourceTree = "<group>"; };
		D12443E027EB9C8100C68811 /* TosViewController.swift */ = {isa = PBXFileReference; lastKnownFileType = sourcecode.swift; path = TosViewController.swift; sourceTree = "<group>"; };
		D12443E427EB9F0300C68811 /* TextViewWithLink.swift */ = {isa = PBXFileReference; lastKnownFileType = sourcecode.swift; path = TextViewWithLink.swift; sourceTree = "<group>"; };
		D135DC7527E74A4A0009D888 /* TiliaSDK.app */ = {isa = PBXFileReference; explicitFileType = wrapper.application; includeInIndex = 0; path = TiliaSDK.app; sourceTree = BUILT_PRODUCTS_DIR; };
		D135DC7827E74A4A0009D888 /* AppDelegate.swift */ = {isa = PBXFileReference; lastKnownFileType = sourcecode.swift; path = AppDelegate.swift; sourceTree = "<group>"; };
		D135DC7A27E74A4A0009D888 /* SceneDelegate.swift */ = {isa = PBXFileReference; lastKnownFileType = sourcecode.swift; path = SceneDelegate.swift; sourceTree = "<group>"; };
		D135DC7C27E74A4A0009D888 /* DemoViewController.swift */ = {isa = PBXFileReference; lastKnownFileType = sourcecode.swift; path = DemoViewController.swift; sourceTree = "<group>"; };
		D135DC7F27E74A4A0009D888 /* Base */ = {isa = PBXFileReference; lastKnownFileType = file.storyboard; name = Base; path = Base.lproj/Main.storyboard; sourceTree = "<group>"; };
		D135DC8127E74A510009D888 /* Assets.xcassets */ = {isa = PBXFileReference; lastKnownFileType = folder.assetcatalog; path = Assets.xcassets; sourceTree = "<group>"; };
		D135DC8427E74A520009D888 /* Base */ = {isa = PBXFileReference; lastKnownFileType = file.storyboard; name = Base; path = Base.lproj/LaunchScreen.storyboard; sourceTree = "<group>"; };
		D135DC8627E74A520009D888 /* Info.plist */ = {isa = PBXFileReference; lastKnownFileType = text.plist.xml; path = Info.plist; sourceTree = "<group>"; };
		D135DC8B27E74A540009D888 /* TiliaSDKTests.xctest */ = {isa = PBXFileReference; explicitFileType = wrapper.cfbundle; includeInIndex = 0; path = TiliaSDKTests.xctest; sourceTree = BUILT_PRODUCTS_DIR; };
		D135DC8F27E74A540009D888 /* TiliaSDKTests.swift */ = {isa = PBXFileReference; lastKnownFileType = sourcecode.swift; path = TiliaSDKTests.swift; sourceTree = "<group>"; };
		D135DC9527E74A540009D888 /* TiliaSDKUITests.xctest */ = {isa = PBXFileReference; explicitFileType = wrapper.cfbundle; includeInIndex = 0; path = TiliaSDKUITests.xctest; sourceTree = BUILT_PRODUCTS_DIR; };
		D135DC9927E74A540009D888 /* TiliaSDKUITests.swift */ = {isa = PBXFileReference; lastKnownFileType = sourcecode.swift; path = TiliaSDKUITests.swift; sourceTree = "<group>"; };
		D135DC9B27E74A540009D888 /* TiliaSDKUITestsLaunchTests.swift */ = {isa = PBXFileReference; lastKnownFileType = sourcecode.swift; path = TiliaSDKUITestsLaunchTests.swift; sourceTree = "<group>"; };
		D135DCAB27E762460009D888 /* RouterProtocol.swift */ = {isa = PBXFileReference; lastKnownFileType = sourcecode.swift; path = RouterProtocol.swift; sourceTree = "<group>"; };
		D135DCAE27E763130009D888 /* TLEnvironment.swift */ = {isa = PBXFileReference; lastKnownFileType = sourcecode.swift; path = TLEnvironment.swift; sourceTree = "<group>"; };
		D135DCB227E76E090009D888 /* TLError.swift */ = {isa = PBXFileReference; lastKnownFileType = sourcecode.swift; path = TLError.swift; sourceTree = "<group>"; };
		D135DCB527E7703D0009D888 /* TLManager.swift */ = {isa = PBXFileReference; lastKnownFileType = sourcecode.swift; path = TLManager.swift; sourceTree = "<group>"; };
		D135DCB727E771100009D888 /* ServerConfiguration.swift */ = {isa = PBXFileReference; lastKnownFileType = sourcecode.swift; path = ServerConfiguration.swift; sourceTree = "<group>"; };
		D135DCB927E777030009D888 /* ServerClient.swift */ = {isa = PBXFileReference; lastKnownFileType = sourcecode.swift; path = ServerClient.swift; sourceTree = "<group>"; };
		D188165827E7C0AF0082A85B /* AccountRouter.swift */ = {isa = PBXFileReference; lastKnownFileType = sourcecode.swift; path = AccountRouter.swift; sourceTree = "<group>"; };
		D188165A27E7C0C50082A85B /* PaymentRouter.swift */ = {isa = PBXFileReference; lastKnownFileType = sourcecode.swift; path = PaymentRouter.swift; sourceTree = "<group>"; };
		D188165C27E7C0DB0082A85B /* InvoiceRouter.swift */ = {isa = PBXFileReference; lastKnownFileType = sourcecode.swift; path = InvoiceRouter.swift; sourceTree = "<group>"; };
		D192AD7C27E8DC5D00E3DC2A /* BaseResponse.swift */ = {isa = PBXFileReference; lastKnownFileType = sourcecode.swift; path = BaseResponse.swift; sourceTree = "<group>"; };
		D192AD7F27E8DEA600E3DC2A /* Decodable+DecodeObject.swift */ = {isa = PBXFileReference; lastKnownFileType = sourcecode.swift; path = "Decodable+DecodeObject.swift"; sourceTree = "<group>"; };
		D192AD8127E8DEEF00E3DC2A /* Encodable+EncodeData.swift */ = {isa = PBXFileReference; lastKnownFileType = sourcecode.swift; path = "Encodable+EncodeData.swift"; sourceTree = "<group>"; };
		D192AD8327E8DF3D00E3DC2A /* Data+Serialization.swift */ = {isa = PBXFileReference; lastKnownFileType = sourcecode.swift; path = "Data+Serialization.swift"; sourceTree = "<group>"; };
		D192AD8727E8F53900E3DC2A /* TosModel.swift */ = {isa = PBXFileReference; lastKnownFileType = sourcecode.swift; path = TosModel.swift; sourceTree = "<group>"; };
		D192AD8927EA2D2B00E3DC2A /* BalanceModel.swift */ = {isa = PBXFileReference; lastKnownFileType = sourcecode.swift; path = BalanceModel.swift; sourceTree = "<group>"; };
		D1C8A83127F4ED7500BF2910 /* ChekoutTitleHeaderView.swift */ = {isa = PBXFileReference; lastKnownFileType = sourcecode.swift; path = ChekoutTitleHeaderView.swift; sourceTree = "<group>"; };
		D1C8A83327F4F36D00BF2910 /* CheckoutPayloadCell.swift */ = {isa = PBXFileReference; lastKnownFileType = sourcecode.swift; path = CheckoutPayloadCell.swift; sourceTree = "<group>"; };
		D1C8A83527F4F5D100BF2910 /* DividerView.swift */ = {isa = PBXFileReference; lastKnownFileType = sourcecode.swift; path = DividerView.swift; sourceTree = "<group>"; };
		D1C8A83727F4F84A00BF2910 /* CheckoutPayloadFooterView.swift */ = {isa = PBXFileReference; lastKnownFileType = sourcecode.swift; path = CheckoutPayloadFooterView.swift; sourceTree = "<group>"; };
		D1C8A83927F4FDA800BF2910 /* UITableView+Helpers.swift */ = {isa = PBXFileReference; lastKnownFileType = sourcecode.swift; path = "UITableView+Helpers.swift"; sourceTree = "<group>"; };
		D1C8A83D27F4FE8D00BF2910 /* UITableViewCell+Helpers.swift */ = {isa = PBXFileReference; lastKnownFileType = sourcecode.swift; path = "UITableViewCell+Helpers.swift"; sourceTree = "<group>"; };
		D1C8A83F27F4FEC200BF2910 /* UITableViewHeaderFooterView+Helpers.swift */ = {isa = PBXFileReference; lastKnownFileType = sourcecode.swift; path = "UITableViewHeaderFooterView+Helpers.swift"; sourceTree = "<group>"; };
		D1CCE8BD27F38BF200FD0E25 /* UIColor+Colors.swift */ = {isa = PBXFileReference; lastKnownFileType = sourcecode.swift; path = "UIColor+Colors.swift"; sourceTree = "<group>"; };
		D1CCE8BF27F3927F00FD0E25 /* RoundedButton.swift */ = {isa = PBXFileReference; lastKnownFileType = sourcecode.swift; path = RoundedButton.swift; sourceTree = "<group>"; };
		D1CCE8C127F3A6B900FD0E25 /* LoadableProtocol.swift */ = {isa = PBXFileReference; lastKnownFileType = sourcecode.swift; path = LoadableProtocol.swift; sourceTree = "<group>"; };
		D1CCE8C327F4861000FD0E25 /* TLManager+InternalExtensions.swift */ = {isa = PBXFileReference; lastKnownFileType = sourcecode.swift; path = "TLManager+InternalExtensions.swift"; sourceTree = "<group>"; };
		D1CCE8C627F4A41600FD0E25 /* CheckoutViewController.swift */ = {isa = PBXFileReference; lastKnownFileType = sourcecode.swift; path = CheckoutViewController.swift; sourceTree = "<group>"; };
		D1CCE8C827F4A42800FD0E25 /* CheckoutViewModel.swift */ = {isa = PBXFileReference; lastKnownFileType = sourcecode.swift; path = CheckoutViewModel.swift; sourceTree = "<group>"; };
		D1CCE8CA27F4A43D00FD0E25 /* CheckoutRouter.swift */ = {isa = PBXFileReference; lastKnownFileType = sourcecode.swift; path = CheckoutRouter.swift; sourceTree = "<group>"; };
		D1CCE8CD27F4A65100FD0E25 /* Icons.xcassets */ = {isa = PBXFileReference; lastKnownFileType = folder.assetcatalog; path = Icons.xcassets; sourceTree = "<group>"; };
		D1CCE8D027F4A9DF00FD0E25 /* UIImage+Images.swift */ = {isa = PBXFileReference; lastKnownFileType = sourcecode.swift; path = "UIImage+Images.swift"; sourceTree = "<group>"; };
		D1CCE8D227F4C34F00FD0E25 /* EmptyModel.swift */ = {isa = PBXFileReference; lastKnownFileType = sourcecode.swift; path = EmptyModel.swift; sourceTree = "<group>"; };
		D1CCE8D527F4C5CF00FD0E25 /* TosRequiredForUserTestViewController.swift */ = {isa = PBXFileReference; lastKnownFileType = sourcecode.swift; path = TosRequiredForUserTestViewController.swift; sourceTree = "<group>"; };
		D1CCE8D727F4C5E400FD0E25 /* UserBalanceByCurrencyTestViewController.swift */ = {isa = PBXFileReference; lastKnownFileType = sourcecode.swift; path = UserBalanceByCurrencyTestViewController.swift; sourceTree = "<group>"; };
		D1CCE8D927F4C60B00FD0E25 /* TosRequiredForUserFlowTestViewController.swift */ = {isa = PBXFileReference; lastKnownFileType = sourcecode.swift; path = TosRequiredForUserFlowTestViewController.swift; sourceTree = "<group>"; };
		D1CCE8DB27F4C62400FD0E25 /* CheckoutFlowTestViewController.swift */ = {isa = PBXFileReference; lastKnownFileType = sourcecode.swift; path = CheckoutFlowTestViewController.swift; sourceTree = "<group>"; };
		D9D7D5DA3151F22D09C9CB57 /* Pods_TiliaSDK_TiliaSDKUITests.framework */ = {isa = PBXFileReference; explicitFileType = wrapper.framework; includeInIndex = 0; path = Pods_TiliaSDK_TiliaSDKUITests.framework; sourceTree = BUILT_PRODUCTS_DIR; };
		F2992F82D81AD4D672B9F9BC /* Pods_TiliaSDK.framework */ = {isa = PBXFileReference; explicitFileType = wrapper.framework; includeInIndex = 0; path = Pods_TiliaSDK.framework; sourceTree = BUILT_PRODUCTS_DIR; };
/* End PBXFileReference section */

/* Begin PBXFrameworksBuildPhase section */
		D135DC7227E74A4A0009D888 /* Frameworks */ = {
			isa = PBXFrameworksBuildPhase;
			buildActionMask = 2147483647;
			files = (
				6975C66B636174B1F677154A /* Pods_TiliaSDK.framework in Frameworks */,
			);
			runOnlyForDeploymentPostprocessing = 0;
		};
		D135DC8827E74A540009D888 /* Frameworks */ = {
			isa = PBXFrameworksBuildPhase;
			buildActionMask = 2147483647;
			files = (
				4EB2150A50A139EE8FAFEC17 /* Pods_TiliaSDKTests.framework in Frameworks */,
			);
			runOnlyForDeploymentPostprocessing = 0;
		};
		D135DC9227E74A540009D888 /* Frameworks */ = {
			isa = PBXFrameworksBuildPhase;
			buildActionMask = 2147483647;
			files = (
				DE8A075B715F949C9C932C21 /* Pods_TiliaSDK_TiliaSDKUITests.framework in Frameworks */,
			);
			runOnlyForDeploymentPostprocessing = 0;
		};
/* End PBXFrameworksBuildPhase section */

/* Begin PBXGroup section */
		009D5433BF11C6821C00C0C0 /* Frameworks */ = {
			isa = PBXGroup;
			children = (
				F2992F82D81AD4D672B9F9BC /* Pods_TiliaSDK.framework */,
				D9D7D5DA3151F22D09C9CB57 /* Pods_TiliaSDK_TiliaSDKUITests.framework */,
				C5263EBCF7E0ECCEC353A1C3 /* Pods_TiliaSDKTests.framework */,
			);
			name = Frameworks;
			sourceTree = "<group>";
		};
		366110ED2071161A403CDB17 /* Pods */ = {
			isa = PBXGroup;
			children = (
				17015F9D98A8CC831972F763 /* Pods-TiliaSDK.debug.xcconfig */,
				982B375665B93548647700CF /* Pods-TiliaSDK.release.xcconfig */,
				7BD7BDACC70EF057DF9DB4B1 /* Pods-TiliaSDK-TiliaSDKUITests.debug.xcconfig */,
				4801AF83E70591F9F4B3617F /* Pods-TiliaSDK-TiliaSDKUITests.release.xcconfig */,
				79419D22540D98A1C1E567BB /* Pods-TiliaSDKTests.debug.xcconfig */,
				4805CAC9E4F2314CA919F648 /* Pods-TiliaSDKTests.release.xcconfig */,
			);
			path = Pods;
			sourceTree = "<group>";
		};
		D120F2CC27F1DE4B009B30DD /* BaseProtocols */ = {
			isa = PBXGroup;
			children = (
				D120F2CD27F1DEB4009B30DD /* RoutingProtocol.swift */,
				D1CCE8C127F3A6B900FD0E25 /* LoadableProtocol.swift */,
			);
			path = BaseProtocols;
			sourceTree = "<group>";
		};
		D12443DD27EB9B0700C68811 /* ViewControllers */ = {
			isa = PBXGroup;
			children = (
				D120F2CC27F1DE4B009B30DD /* BaseProtocols */,
				D12443E327EB9EE700C68811 /* CustomUI */,
				D12443E227EB9C8800C68811 /* Tos */,
				D1CCE8C527F4872F00FD0E25 /* Checkout */,
			);
			path = ViewControllers;
			sourceTree = "<group>";
		};
		D12443E227EB9C8800C68811 /* Tos */ = {
			isa = PBXGroup;
			children = (
				D12443DE27EB9C7100C68811 /* TosViewModel.swift */,
				D120F2CA27F1DDD5009B30DD /* TosRouter.swift */,
				D12443E027EB9C8100C68811 /* TosViewController.swift */,
			);
			path = Tos;
			sourceTree = "<group>";
		};
		D12443E327EB9EE700C68811 /* CustomUI */ = {
			isa = PBXGroup;
			children = (
				D12443E427EB9F0300C68811 /* TextViewWithLink.swift */,
				D120F2D527F21082009B30DD /* FullFilledButton.swift */,
				D1CCE8BF27F3927F00FD0E25 /* RoundedButton.swift */,
				D1C8A83527F4F5D100BF2910 /* DividerView.swift */,
			);
			path = CustomUI;
			sourceTree = "<group>";
		};
		D135DC6C27E74A4A0009D888 = {
			isa = PBXGroup;
			children = (
				D135DC7727E74A4A0009D888 /* TiliaSDK */,
				D135DC8E27E74A540009D888 /* TiliaSDKTests */,
				D135DC9827E74A540009D888 /* TiliaSDKUITests */,
				D135DC7627E74A4A0009D888 /* Products */,
				366110ED2071161A403CDB17 /* Pods */,
				009D5433BF11C6821C00C0C0 /* Frameworks */,
			);
			sourceTree = "<group>";
		};
		D135DC7627E74A4A0009D888 /* Products */ = {
			isa = PBXGroup;
			children = (
				D135DC7527E74A4A0009D888 /* TiliaSDK.app */,
				D135DC8B27E74A540009D888 /* TiliaSDKTests.xctest */,
				D135DC9527E74A540009D888 /* TiliaSDKUITests.xctest */,
			);
			name = Products;
			sourceTree = "<group>";
		};
		D135DC7727E74A4A0009D888 /* TiliaSDK */ = {
			isa = PBXGroup;
			children = (
				D1CCE8D427F4C5AC00FD0E25 /* Demo */,
				D1CCE8CC27F4A62300FD0E25 /* Resources */,
				D12443DD27EB9B0700C68811 /* ViewControllers */,
				D192AD7E27E8DE8B00E3DC2A /* Extensions */,
				D135DCB427E7702B0009D888 /* Managers */,
				D135DCAD27E762790009D888 /* Routers */,
				D135DCA827E75F320009D888 /* Models */,
				D135DC7827E74A4A0009D888 /* AppDelegate.swift */,
				D135DC7A27E74A4A0009D888 /* SceneDelegate.swift */,
				D135DC7E27E74A4A0009D888 /* Main.storyboard */,
				D135DC8127E74A510009D888 /* Assets.xcassets */,
				D135DC8327E74A520009D888 /* LaunchScreen.storyboard */,
				D135DC8627E74A520009D888 /* Info.plist */,
			);
			path = TiliaSDK;
			sourceTree = "<group>";
		};
		D135DC8E27E74A540009D888 /* TiliaSDKTests */ = {
			isa = PBXGroup;
			children = (
				D135DC8F27E74A540009D888 /* TiliaSDKTests.swift */,
			);
			path = TiliaSDKTests;
			sourceTree = "<group>";
		};
		D135DC9827E74A540009D888 /* TiliaSDKUITests */ = {
			isa = PBXGroup;
			children = (
				D135DC9927E74A540009D888 /* TiliaSDKUITests.swift */,
				D135DC9B27E74A540009D888 /* TiliaSDKUITestsLaunchTests.swift */,
			);
			path = TiliaSDKUITests;
			sourceTree = "<group>";
		};
		D135DCA827E75F320009D888 /* Models */ = {
			isa = PBXGroup;
			children = (
				D135DCAE27E763130009D888 /* TLEnvironment.swift */,
				D135DCB227E76E090009D888 /* TLError.swift */,
				D192AD8727E8F53900E3DC2A /* TosModel.swift */,
				D192AD8927EA2D2B00E3DC2A /* BalanceModel.swift */,
				D135DCB727E771100009D888 /* ServerConfiguration.swift */,
				D192AD7C27E8DC5D00E3DC2A /* BaseResponse.swift */,
				D120F2D327F1FE84009B30DD /* TosAcceptModel.swift */,
				D1CCE8D227F4C34F00FD0E25 /* EmptyModel.swift */,
			);
			path = Models;
			sourceTree = "<group>";
		};
		D135DCAD27E762790009D888 /* Routers */ = {
			isa = PBXGroup;
			children = (
				D135DCAB27E762460009D888 /* RouterProtocol.swift */,
				D188165827E7C0AF0082A85B /* AccountRouter.swift */,
				D188165A27E7C0C50082A85B /* PaymentRouter.swift */,
				D188165C27E7C0DB0082A85B /* InvoiceRouter.swift */,
			);
			path = Routers;
			sourceTree = "<group>";
		};
		D135DCB427E7702B0009D888 /* Managers */ = {
			isa = PBXGroup;
			children = (
				D135DCB527E7703D0009D888 /* TLManager.swift */,
				D1CCE8C327F4861000FD0E25 /* TLManager+InternalExtensions.swift */,
				D135DCB927E777030009D888 /* ServerClient.swift */,
			);
			path = Managers;
			sourceTree = "<group>";
		};
		D192AD7E27E8DE8B00E3DC2A /* Extensions */ = {
			isa = PBXGroup;
			children = (
				D192AD7F27E8DEA600E3DC2A /* Decodable+DecodeObject.swift */,
				D192AD8127E8DEEF00E3DC2A /* Encodable+EncodeData.swift */,
				D192AD8327E8DF3D00E3DC2A /* Data+Serialization.swift */,
				D1CCE8BD27F38BF200FD0E25 /* UIColor+Colors.swift */,
				D1CCE8D027F4A9DF00FD0E25 /* UIImage+Images.swift */,
				D1C8A83927F4FDA800BF2910 /* UITableView+Helpers.swift */,
				D1C8A83D27F4FE8D00BF2910 /* UITableViewCell+Helpers.swift */,
				D1C8A83F27F4FEC200BF2910 /* UITableViewHeaderFooterView+Helpers.swift */,
			);
			path = Extensions;
			sourceTree = "<group>";
		};
		D1CCE8C527F4872F00FD0E25 /* Checkout */ = {
			isa = PBXGroup;
			children = (
				D1CCE8CF27F4A6C200FD0E25 /* Views */,
				D1CCE8C827F4A42800FD0E25 /* CheckoutViewModel.swift */,
				D1CCE8CA27F4A43D00FD0E25 /* CheckoutRouter.swift */,
				D1CCE8C627F4A41600FD0E25 /* CheckoutViewController.swift */,
			);
			path = Checkout;
			sourceTree = "<group>";
		};
		D1CCE8CC27F4A62300FD0E25 /* Resources */ = {
			isa = PBXGroup;
			children = (
				D1CCE8CD27F4A65100FD0E25 /* Icons.xcassets */,
			);
			path = Resources;
			sourceTree = "<group>";
		};
		D1CCE8CF27F4A6C200FD0E25 /* Views */ = {
			isa = PBXGroup;
			children = (
				D1C8A83127F4ED7500BF2910 /* ChekoutTitleHeaderView.swift */,
				D1C8A83327F4F36D00BF2910 /* CheckoutPayloadCell.swift */,
				D1C8A83727F4F84A00BF2910 /* CheckoutPayloadFooterView.swift */,
			);
			path = Views;
			sourceTree = "<group>";
		};
		D1CCE8D427F4C5AC00FD0E25 /* Demo */ = {
			isa = PBXGroup;
			children = (
				D135DC7C27E74A4A0009D888 /* DemoViewController.swift */,
				D120F2D727F22A2A009B30DD /* TestViewController.swift */,
				D1CCE8D527F4C5CF00FD0E25 /* TosRequiredForUserTestViewController.swift */,
				D1CCE8D727F4C5E400FD0E25 /* UserBalanceByCurrencyTestViewController.swift */,
				D1CCE8D927F4C60B00FD0E25 /* TosRequiredForUserFlowTestViewController.swift */,
				D1CCE8DB27F4C62400FD0E25 /* CheckoutFlowTestViewController.swift */,
			);
			path = Demo;
			sourceTree = "<group>";
		};
/* End PBXGroup section */

/* Begin PBXNativeTarget section */
		D135DC7427E74A4A0009D888 /* TiliaSDK */ = {
			isa = PBXNativeTarget;
			buildConfigurationList = D135DC9F27E74A540009D888 /* Build configuration list for PBXNativeTarget "TiliaSDK" */;
			buildPhases = (
				2C048CC948A4F35761B4E791 /* [CP] Check Pods Manifest.lock */,
				D135DC7127E74A4A0009D888 /* Sources */,
				D135DC7227E74A4A0009D888 /* Frameworks */,
				D135DC7327E74A4A0009D888 /* Resources */,
				646EEF81632C50CFD0100D1C /* [CP] Embed Pods Frameworks */,
			);
			buildRules = (
			);
			dependencies = (
			);
			name = TiliaSDK;
			productName = TiliaSDK;
			productReference = D135DC7527E74A4A0009D888 /* TiliaSDK.app */;
			productType = "com.apple.product-type.application";
		};
		D135DC8A27E74A540009D888 /* TiliaSDKTests */ = {
			isa = PBXNativeTarget;
			buildConfigurationList = D135DCA227E74A540009D888 /* Build configuration list for PBXNativeTarget "TiliaSDKTests" */;
			buildPhases = (
				B702AA68477B20AD53750408 /* [CP] Check Pods Manifest.lock */,
				D135DC8727E74A540009D888 /* Sources */,
				D135DC8827E74A540009D888 /* Frameworks */,
				D135DC8927E74A540009D888 /* Resources */,
			);
			buildRules = (
			);
			dependencies = (
				D135DC8D27E74A540009D888 /* PBXTargetDependency */,
			);
			name = TiliaSDKTests;
			productName = TiliaSDKTests;
			productReference = D135DC8B27E74A540009D888 /* TiliaSDKTests.xctest */;
			productType = "com.apple.product-type.bundle.unit-test";
		};
		D135DC9427E74A540009D888 /* TiliaSDKUITests */ = {
			isa = PBXNativeTarget;
			buildConfigurationList = D135DCA527E74A540009D888 /* Build configuration list for PBXNativeTarget "TiliaSDKUITests" */;
			buildPhases = (
				94961C04CD766E3503835998 /* [CP] Check Pods Manifest.lock */,
				D135DC9127E74A540009D888 /* Sources */,
				D135DC9227E74A540009D888 /* Frameworks */,
				D135DC9327E74A540009D888 /* Resources */,
				F416125C33CED1DD49A51B27 /* [CP] Embed Pods Frameworks */,
			);
			buildRules = (
			);
			dependencies = (
				D135DC9727E74A540009D888 /* PBXTargetDependency */,
			);
			name = TiliaSDKUITests;
			productName = TiliaSDKUITests;
			productReference = D135DC9527E74A540009D888 /* TiliaSDKUITests.xctest */;
			productType = "com.apple.product-type.bundle.ui-testing";
		};
/* End PBXNativeTarget section */

/* Begin PBXProject section */
		D135DC6D27E74A4A0009D888 /* Project object */ = {
			isa = PBXProject;
			attributes = {
				BuildIndependentTargetsInParallel = 1;
				LastSwiftUpdateCheck = 1320;
				LastUpgradeCheck = 1320;
				TargetAttributes = {
					D135DC7427E74A4A0009D888 = {
						CreatedOnToolsVersion = 13.2.1;
					};
					D135DC8A27E74A540009D888 = {
						CreatedOnToolsVersion = 13.2.1;
						TestTargetID = D135DC7427E74A4A0009D888;
					};
					D135DC9427E74A540009D888 = {
						CreatedOnToolsVersion = 13.2.1;
						TestTargetID = D135DC7427E74A4A0009D888;
					};
				};
			};
			buildConfigurationList = D135DC7027E74A4A0009D888 /* Build configuration list for PBXProject "TiliaSDK" */;
			compatibilityVersion = "Xcode 13.0";
			developmentRegion = en;
			hasScannedForEncodings = 0;
			knownRegions = (
				en,
				Base,
			);
			mainGroup = D135DC6C27E74A4A0009D888;
			productRefGroup = D135DC7627E74A4A0009D888 /* Products */;
			projectDirPath = "";
			projectRoot = "";
			targets = (
				D135DC7427E74A4A0009D888 /* TiliaSDK */,
				D135DC8A27E74A540009D888 /* TiliaSDKTests */,
				D135DC9427E74A540009D888 /* TiliaSDKUITests */,
			);
		};
/* End PBXProject section */

/* Begin PBXResourcesBuildPhase section */
		D135DC7327E74A4A0009D888 /* Resources */ = {
			isa = PBXResourcesBuildPhase;
			buildActionMask = 2147483647;
			files = (
				D135DC8527E74A520009D888 /* LaunchScreen.storyboard in Resources */,
				D135DC8227E74A510009D888 /* Assets.xcassets in Resources */,
				D1CCE8CE27F4A65100FD0E25 /* Icons.xcassets in Resources */,
				D135DC8027E74A4A0009D888 /* Main.storyboard in Resources */,
			);
			runOnlyForDeploymentPostprocessing = 0;
		};
		D135DC8927E74A540009D888 /* Resources */ = {
			isa = PBXResourcesBuildPhase;
			buildActionMask = 2147483647;
			files = (
			);
			runOnlyForDeploymentPostprocessing = 0;
		};
		D135DC9327E74A540009D888 /* Resources */ = {
			isa = PBXResourcesBuildPhase;
			buildActionMask = 2147483647;
			files = (
			);
			runOnlyForDeploymentPostprocessing = 0;
		};
/* End PBXResourcesBuildPhase section */

/* Begin PBXShellScriptBuildPhase section */
		2C048CC948A4F35761B4E791 /* [CP] Check Pods Manifest.lock */ = {
			isa = PBXShellScriptBuildPhase;
			buildActionMask = 2147483647;
			files = (
			);
			inputFileListPaths = (
			);
			inputPaths = (
				"${PODS_PODFILE_DIR_PATH}/Podfile.lock",
				"${PODS_ROOT}/Manifest.lock",
			);
			name = "[CP] Check Pods Manifest.lock";
			outputFileListPaths = (
			);
			outputPaths = (
				"$(DERIVED_FILE_DIR)/Pods-TiliaSDK-checkManifestLockResult.txt",
			);
			runOnlyForDeploymentPostprocessing = 0;
			shellPath = /bin/sh;
			shellScript = "diff \"${PODS_PODFILE_DIR_PATH}/Podfile.lock\" \"${PODS_ROOT}/Manifest.lock\" > /dev/null\nif [ $? != 0 ] ; then\n    # print error to STDERR\n    echo \"error: The sandbox is not in sync with the Podfile.lock. Run 'pod install' or update your CocoaPods installation.\" >&2\n    exit 1\nfi\n# This output is used by Xcode 'outputs' to avoid re-running this script phase.\necho \"SUCCESS\" > \"${SCRIPT_OUTPUT_FILE_0}\"\n";
			showEnvVarsInLog = 0;
		};
		646EEF81632C50CFD0100D1C /* [CP] Embed Pods Frameworks */ = {
			isa = PBXShellScriptBuildPhase;
			buildActionMask = 2147483647;
			files = (
			);
			inputFileListPaths = (
				"${PODS_ROOT}/Target Support Files/Pods-TiliaSDK/Pods-TiliaSDK-frameworks-${CONFIGURATION}-input-files.xcfilelist",
			);
			name = "[CP] Embed Pods Frameworks";
			outputFileListPaths = (
				"${PODS_ROOT}/Target Support Files/Pods-TiliaSDK/Pods-TiliaSDK-frameworks-${CONFIGURATION}-output-files.xcfilelist",
			);
			runOnlyForDeploymentPostprocessing = 0;
			shellPath = /bin/sh;
			shellScript = "\"${PODS_ROOT}/Target Support Files/Pods-TiliaSDK/Pods-TiliaSDK-frameworks.sh\"\n";
			showEnvVarsInLog = 0;
		};
		94961C04CD766E3503835998 /* [CP] Check Pods Manifest.lock */ = {
			isa = PBXShellScriptBuildPhase;
			buildActionMask = 2147483647;
			files = (
			);
			inputFileListPaths = (
			);
			inputPaths = (
				"${PODS_PODFILE_DIR_PATH}/Podfile.lock",
				"${PODS_ROOT}/Manifest.lock",
			);
			name = "[CP] Check Pods Manifest.lock";
			outputFileListPaths = (
			);
			outputPaths = (
				"$(DERIVED_FILE_DIR)/Pods-TiliaSDK-TiliaSDKUITests-checkManifestLockResult.txt",
			);
			runOnlyForDeploymentPostprocessing = 0;
			shellPath = /bin/sh;
			shellScript = "diff \"${PODS_PODFILE_DIR_PATH}/Podfile.lock\" \"${PODS_ROOT}/Manifest.lock\" > /dev/null\nif [ $? != 0 ] ; then\n    # print error to STDERR\n    echo \"error: The sandbox is not in sync with the Podfile.lock. Run 'pod install' or update your CocoaPods installation.\" >&2\n    exit 1\nfi\n# This output is used by Xcode 'outputs' to avoid re-running this script phase.\necho \"SUCCESS\" > \"${SCRIPT_OUTPUT_FILE_0}\"\n";
			showEnvVarsInLog = 0;
		};
		B702AA68477B20AD53750408 /* [CP] Check Pods Manifest.lock */ = {
			isa = PBXShellScriptBuildPhase;
			buildActionMask = 2147483647;
			files = (
			);
			inputFileListPaths = (
			);
			inputPaths = (
				"${PODS_PODFILE_DIR_PATH}/Podfile.lock",
				"${PODS_ROOT}/Manifest.lock",
			);
			name = "[CP] Check Pods Manifest.lock";
			outputFileListPaths = (
			);
			outputPaths = (
				"$(DERIVED_FILE_DIR)/Pods-TiliaSDKTests-checkManifestLockResult.txt",
			);
			runOnlyForDeploymentPostprocessing = 0;
			shellPath = /bin/sh;
			shellScript = "diff \"${PODS_PODFILE_DIR_PATH}/Podfile.lock\" \"${PODS_ROOT}/Manifest.lock\" > /dev/null\nif [ $? != 0 ] ; then\n    # print error to STDERR\n    echo \"error: The sandbox is not in sync with the Podfile.lock. Run 'pod install' or update your CocoaPods installation.\" >&2\n    exit 1\nfi\n# This output is used by Xcode 'outputs' to avoid re-running this script phase.\necho \"SUCCESS\" > \"${SCRIPT_OUTPUT_FILE_0}\"\n";
			showEnvVarsInLog = 0;
		};
		F416125C33CED1DD49A51B27 /* [CP] Embed Pods Frameworks */ = {
			isa = PBXShellScriptBuildPhase;
			buildActionMask = 2147483647;
			files = (
			);
			inputFileListPaths = (
				"${PODS_ROOT}/Target Support Files/Pods-TiliaSDK-TiliaSDKUITests/Pods-TiliaSDK-TiliaSDKUITests-frameworks-${CONFIGURATION}-input-files.xcfilelist",
			);
			name = "[CP] Embed Pods Frameworks";
			outputFileListPaths = (
				"${PODS_ROOT}/Target Support Files/Pods-TiliaSDK-TiliaSDKUITests/Pods-TiliaSDK-TiliaSDKUITests-frameworks-${CONFIGURATION}-output-files.xcfilelist",
			);
			runOnlyForDeploymentPostprocessing = 0;
			shellPath = /bin/sh;
			shellScript = "\"${PODS_ROOT}/Target Support Files/Pods-TiliaSDK-TiliaSDKUITests/Pods-TiliaSDK-TiliaSDKUITests-frameworks.sh\"\n";
			showEnvVarsInLog = 0;
		};
/* End PBXShellScriptBuildPhase section */

/* Begin PBXSourcesBuildPhase section */
		D135DC7127E74A4A0009D888 /* Sources */ = {
			isa = PBXSourcesBuildPhase;
			buildActionMask = 2147483647;
			files = (
				D1C8A83E27F4FE8D00BF2910 /* UITableViewCell+Helpers.swift in Sources */,
				D135DCB827E771100009D888 /* ServerConfiguration.swift in Sources */,
				D1CCE8D627F4C5CF00FD0E25 /* TosRequiredForUserTestViewController.swift in Sources */,
				D192AD8227E8DEEF00E3DC2A /* Encodable+EncodeData.swift in Sources */,
				D1CCE8C427F4861000FD0E25 /* TLManager+InternalExtensions.swift in Sources */,
				D135DCBA27E777030009D888 /* ServerClient.swift in Sources */,
				D135DC7D27E74A4A0009D888 /* DemoViewController.swift in Sources */,
				D12443DF27EB9C7100C68811 /* TosViewModel.swift in Sources */,
				D1C8A83A27F4FDA800BF2910 /* UITableView+Helpers.swift in Sources */,
				D188165B27E7C0C50082A85B /* PaymentRouter.swift in Sources */,
				D135DC7927E74A4A0009D888 /* AppDelegate.swift in Sources */,
				D120F2D427F1FE84009B30DD /* TosAcceptModel.swift in Sources */,
				D192AD8A27EA2D2B00E3DC2A /* BalanceModel.swift in Sources */,
				D192AD8427E8DF3D00E3DC2A /* Data+Serialization.swift in Sources */,
				D120F2CB27F1DDD5009B30DD /* TosRouter.swift in Sources */,
				D188165927E7C0AF0082A85B /* AccountRouter.swift in Sources */,
				D12443E527EB9F0300C68811 /* TextViewWithLink.swift in Sources */,
				D135DCAC27E762460009D888 /* RouterProtocol.swift in Sources */,
				D1C8A83627F4F5D100BF2910 /* DividerView.swift in Sources */,
				D12443E127EB9C8100C68811 /* TosViewController.swift in Sources */,
				D1C8A84027F4FEC200BF2910 /* UITableViewHeaderFooterView+Helpers.swift in Sources */,
				D135DC7B27E74A4A0009D888 /* SceneDelegate.swift in Sources */,
				D1CCE8C227F3A6B900FD0E25 /* LoadableProtocol.swift in Sources */,
				D1CCE8D827F4C5E400FD0E25 /* UserBalanceByCurrencyTestViewController.swift in Sources */,
				D120F2CE27F1DEB4009B30DD /* RoutingProtocol.swift in Sources */,
				D1CCE8DA27F4C60B00FD0E25 /* TosRequiredForUserFlowTestViewController.swift in Sources */,
				D1CCE8D127F4A9DF00FD0E25 /* UIImage+Images.swift in Sources */,
				D1CCE8C727F4A41600FD0E25 /* CheckoutViewController.swift in Sources */,
				D1CCE8D327F4C34F00FD0E25 /* EmptyModel.swift in Sources */,
				D1CCE8C927F4A42800FD0E25 /* CheckoutViewModel.swift in Sources */,
				D1CCE8DC27F4C62400FD0E25 /* CheckoutFlowTestViewController.swift in Sources */,
				D1CCE8BE27F38BF200FD0E25 /* UIColor+Colors.swift in Sources */,
				D1C8A83827F4F84A00BF2910 /* CheckoutPayloadFooterView.swift in Sources */,
				D1C8A83427F4F36D00BF2910 /* CheckoutPayloadCell.swift in Sources */,
				D188165D27E7C0DB0082A85B /* InvoiceRouter.swift in Sources */,
				D120F2D827F22A2A009B30DD /* TestViewController.swift in Sources */,
				D1C8A83227F4ED7500BF2910 /* ChekoutTitleHeaderView.swift in Sources */,
				D135DCB627E7703D0009D888 /* TLManager.swift in Sources */,
				D135DCAF27E763130009D888 /* TLEnvironment.swift in Sources */,
				D135DCB327E76E090009D888 /* TLError.swift in Sources */,
				D192AD8827E8F53900E3DC2A /* TosModel.swift in Sources */,
				D120F2D627F21082009B30DD /* FullFilledButton.swift in Sources */,
				D1CCE8C027F3927F00FD0E25 /* RoundedButton.swift in Sources */,
				D1CCE8CB27F4A43D00FD0E25 /* CheckoutRouter.swift in Sources */,
				D192AD8027E8DEA600E3DC2A /* Decodable+DecodeObject.swift in Sources */,
				D192AD7D27E8DC5D00E3DC2A /* BaseResponse.swift in Sources */,
			);
			runOnlyForDeploymentPostprocessing = 0;
		};
		D135DC8727E74A540009D888 /* Sources */ = {
			isa = PBXSourcesBuildPhase;
			buildActionMask = 2147483647;
			files = (
				D135DC9027E74A540009D888 /* TiliaSDKTests.swift in Sources */,
			);
			runOnlyForDeploymentPostprocessing = 0;
		};
		D135DC9127E74A540009D888 /* Sources */ = {
			isa = PBXSourcesBuildPhase;
			buildActionMask = 2147483647;
			files = (
				D135DC9C27E74A540009D888 /* TiliaSDKUITestsLaunchTests.swift in Sources */,
				D135DC9A27E74A540009D888 /* TiliaSDKUITests.swift in Sources */,
			);
			runOnlyForDeploymentPostprocessing = 0;
		};
/* End PBXSourcesBuildPhase section */

/* Begin PBXTargetDependency section */
		D135DC8D27E74A540009D888 /* PBXTargetDependency */ = {
			isa = PBXTargetDependency;
			target = D135DC7427E74A4A0009D888 /* TiliaSDK */;
			targetProxy = D135DC8C27E74A540009D888 /* PBXContainerItemProxy */;
		};
		D135DC9727E74A540009D888 /* PBXTargetDependency */ = {
			isa = PBXTargetDependency;
			target = D135DC7427E74A4A0009D888 /* TiliaSDK */;
			targetProxy = D135DC9627E74A540009D888 /* PBXContainerItemProxy */;
		};
/* End PBXTargetDependency section */

/* Begin PBXVariantGroup section */
		D135DC7E27E74A4A0009D888 /* Main.storyboard */ = {
			isa = PBXVariantGroup;
			children = (
				D135DC7F27E74A4A0009D888 /* Base */,
			);
			name = Main.storyboard;
			sourceTree = "<group>";
		};
		D135DC8327E74A520009D888 /* LaunchScreen.storyboard */ = {
			isa = PBXVariantGroup;
			children = (
				D135DC8427E74A520009D888 /* Base */,
			);
			name = LaunchScreen.storyboard;
			sourceTree = "<group>";
		};
/* End PBXVariantGroup section */

/* Begin XCBuildConfiguration section */
		D135DC9D27E74A540009D888 /* Debug */ = {
			isa = XCBuildConfiguration;
			buildSettings = {
				ALWAYS_SEARCH_USER_PATHS = NO;
				CLANG_ANALYZER_NONNULL = YES;
				CLANG_ANALYZER_NUMBER_OBJECT_CONVERSION = YES_AGGRESSIVE;
				CLANG_CXX_LANGUAGE_STANDARD = "gnu++17";
				CLANG_CXX_LIBRARY = "libc++";
				CLANG_ENABLE_MODULES = YES;
				CLANG_ENABLE_OBJC_ARC = YES;
				CLANG_ENABLE_OBJC_WEAK = YES;
				CLANG_WARN_BLOCK_CAPTURE_AUTORELEASING = YES;
				CLANG_WARN_BOOL_CONVERSION = YES;
				CLANG_WARN_COMMA = YES;
				CLANG_WARN_CONSTANT_CONVERSION = YES;
				CLANG_WARN_DEPRECATED_OBJC_IMPLEMENTATIONS = YES;
				CLANG_WARN_DIRECT_OBJC_ISA_USAGE = YES_ERROR;
				CLANG_WARN_DOCUMENTATION_COMMENTS = YES;
				CLANG_WARN_EMPTY_BODY = YES;
				CLANG_WARN_ENUM_CONVERSION = YES;
				CLANG_WARN_INFINITE_RECURSION = YES;
				CLANG_WARN_INT_CONVERSION = YES;
				CLANG_WARN_NON_LITERAL_NULL_CONVERSION = YES;
				CLANG_WARN_OBJC_IMPLICIT_RETAIN_SELF = YES;
				CLANG_WARN_OBJC_LITERAL_CONVERSION = YES;
				CLANG_WARN_OBJC_ROOT_CLASS = YES_ERROR;
				CLANG_WARN_QUOTED_INCLUDE_IN_FRAMEWORK_HEADER = YES;
				CLANG_WARN_RANGE_LOOP_ANALYSIS = YES;
				CLANG_WARN_STRICT_PROTOTYPES = YES;
				CLANG_WARN_SUSPICIOUS_MOVE = YES;
				CLANG_WARN_UNGUARDED_AVAILABILITY = YES_AGGRESSIVE;
				CLANG_WARN_UNREACHABLE_CODE = YES;
				CLANG_WARN__DUPLICATE_METHOD_MATCH = YES;
				COPY_PHASE_STRIP = NO;
				DEBUG_INFORMATION_FORMAT = dwarf;
				ENABLE_STRICT_OBJC_MSGSEND = YES;
				ENABLE_TESTABILITY = YES;
				GCC_C_LANGUAGE_STANDARD = gnu11;
				GCC_DYNAMIC_NO_PIC = NO;
				GCC_NO_COMMON_BLOCKS = YES;
				GCC_OPTIMIZATION_LEVEL = 0;
				GCC_PREPROCESSOR_DEFINITIONS = (
					"DEBUG=1",
					"$(inherited)",
				);
				GCC_WARN_64_TO_32_BIT_CONVERSION = YES;
				GCC_WARN_ABOUT_RETURN_TYPE = YES_ERROR;
				GCC_WARN_UNDECLARED_SELECTOR = YES;
				GCC_WARN_UNINITIALIZED_AUTOS = YES_AGGRESSIVE;
				GCC_WARN_UNUSED_FUNCTION = YES;
				GCC_WARN_UNUSED_VARIABLE = YES;
				IPHONEOS_DEPLOYMENT_TARGET = 13.0;
				MTL_ENABLE_DEBUG_INFO = INCLUDE_SOURCE;
				MTL_FAST_MATH = YES;
				ONLY_ACTIVE_ARCH = YES;
				SDKROOT = iphoneos;
				SWIFT_ACTIVE_COMPILATION_CONDITIONS = DEBUG;
				SWIFT_OPTIMIZATION_LEVEL = "-Onone";
			};
			name = Debug;
		};
		D135DC9E27E74A540009D888 /* Release */ = {
			isa = XCBuildConfiguration;
			buildSettings = {
				ALWAYS_SEARCH_USER_PATHS = NO;
				CLANG_ANALYZER_NONNULL = YES;
				CLANG_ANALYZER_NUMBER_OBJECT_CONVERSION = YES_AGGRESSIVE;
				CLANG_CXX_LANGUAGE_STANDARD = "gnu++17";
				CLANG_CXX_LIBRARY = "libc++";
				CLANG_ENABLE_MODULES = YES;
				CLANG_ENABLE_OBJC_ARC = YES;
				CLANG_ENABLE_OBJC_WEAK = YES;
				CLANG_WARN_BLOCK_CAPTURE_AUTORELEASING = YES;
				CLANG_WARN_BOOL_CONVERSION = YES;
				CLANG_WARN_COMMA = YES;
				CLANG_WARN_CONSTANT_CONVERSION = YES;
				CLANG_WARN_DEPRECATED_OBJC_IMPLEMENTATIONS = YES;
				CLANG_WARN_DIRECT_OBJC_ISA_USAGE = YES_ERROR;
				CLANG_WARN_DOCUMENTATION_COMMENTS = YES;
				CLANG_WARN_EMPTY_BODY = YES;
				CLANG_WARN_ENUM_CONVERSION = YES;
				CLANG_WARN_INFINITE_RECURSION = YES;
				CLANG_WARN_INT_CONVERSION = YES;
				CLANG_WARN_NON_LITERAL_NULL_CONVERSION = YES;
				CLANG_WARN_OBJC_IMPLICIT_RETAIN_SELF = YES;
				CLANG_WARN_OBJC_LITERAL_CONVERSION = YES;
				CLANG_WARN_OBJC_ROOT_CLASS = YES_ERROR;
				CLANG_WARN_QUOTED_INCLUDE_IN_FRAMEWORK_HEADER = YES;
				CLANG_WARN_RANGE_LOOP_ANALYSIS = YES;
				CLANG_WARN_STRICT_PROTOTYPES = YES;
				CLANG_WARN_SUSPICIOUS_MOVE = YES;
				CLANG_WARN_UNGUARDED_AVAILABILITY = YES_AGGRESSIVE;
				CLANG_WARN_UNREACHABLE_CODE = YES;
				CLANG_WARN__DUPLICATE_METHOD_MATCH = YES;
				COPY_PHASE_STRIP = NO;
				DEBUG_INFORMATION_FORMAT = "dwarf-with-dsym";
				ENABLE_NS_ASSERTIONS = NO;
				ENABLE_STRICT_OBJC_MSGSEND = YES;
				GCC_C_LANGUAGE_STANDARD = gnu11;
				GCC_NO_COMMON_BLOCKS = YES;
				GCC_WARN_64_TO_32_BIT_CONVERSION = YES;
				GCC_WARN_ABOUT_RETURN_TYPE = YES_ERROR;
				GCC_WARN_UNDECLARED_SELECTOR = YES;
				GCC_WARN_UNINITIALIZED_AUTOS = YES_AGGRESSIVE;
				GCC_WARN_UNUSED_FUNCTION = YES;
				GCC_WARN_UNUSED_VARIABLE = YES;
				IPHONEOS_DEPLOYMENT_TARGET = 13.0;
				MTL_ENABLE_DEBUG_INFO = NO;
				MTL_FAST_MATH = YES;
				SDKROOT = iphoneos;
				SWIFT_COMPILATION_MODE = wholemodule;
				SWIFT_OPTIMIZATION_LEVEL = "-O";
				VALIDATE_PRODUCT = YES;
			};
			name = Release;
		};
		D135DCA027E74A540009D888 /* Debug */ = {
			isa = XCBuildConfiguration;
			baseConfigurationReference = 17015F9D98A8CC831972F763 /* Pods-TiliaSDK.debug.xcconfig */;
			buildSettings = {
				ASSETCATALOG_COMPILER_APPICON_NAME = AppIcon;
				ASSETCATALOG_COMPILER_GLOBAL_ACCENT_COLOR_NAME = AccentColor;
				CODE_SIGN_STYLE = Automatic;
				CURRENT_PROJECT_VERSION = 1;
				DEVELOPMENT_TEAM = PHKQX3FHH9;
				GENERATE_INFOPLIST_FILE = YES;
				INFOPLIST_FILE = TiliaSDK/Info.plist;
				INFOPLIST_KEY_UIApplicationSupportsIndirectInputEvents = YES;
				INFOPLIST_KEY_UILaunchStoryboardName = LaunchScreen;
				INFOPLIST_KEY_UIMainStoryboardFile = Main;
				INFOPLIST_KEY_UISupportedInterfaceOrientations_iPad = "UIInterfaceOrientationPortrait UIInterfaceOrientationPortraitUpsideDown UIInterfaceOrientationLandscapeLeft UIInterfaceOrientationLandscapeRight";
				INFOPLIST_KEY_UISupportedInterfaceOrientations_iPhone = "UIInterfaceOrientationPortrait UIInterfaceOrientationLandscapeLeft UIInterfaceOrientationLandscapeRight";
				LD_RUNPATH_SEARCH_PATHS = (
					"$(inherited)",
					"@executable_path/Frameworks",
				);
				MARKETING_VERSION = 1.0;
				PRODUCT_BUNDLE_IDENTIFIER = in.TiliaSDK;
				PRODUCT_NAME = "$(TARGET_NAME)";
				SWIFT_EMIT_LOC_STRINGS = YES;
				SWIFT_VERSION = 5.0;
				TARGETED_DEVICE_FAMILY = "1,2";
			};
			name = Debug;
		};
		D135DCA127E74A540009D888 /* Release */ = {
			isa = XCBuildConfiguration;
			baseConfigurationReference = 982B375665B93548647700CF /* Pods-TiliaSDK.release.xcconfig */;
			buildSettings = {
				ASSETCATALOG_COMPILER_APPICON_NAME = AppIcon;
				ASSETCATALOG_COMPILER_GLOBAL_ACCENT_COLOR_NAME = AccentColor;
				CODE_SIGN_STYLE = Automatic;
				CURRENT_PROJECT_VERSION = 1;
				DEVELOPMENT_TEAM = PHKQX3FHH9;
				GENERATE_INFOPLIST_FILE = YES;
				INFOPLIST_FILE = TiliaSDK/Info.plist;
				INFOPLIST_KEY_UIApplicationSupportsIndirectInputEvents = YES;
				INFOPLIST_KEY_UILaunchStoryboardName = LaunchScreen;
				INFOPLIST_KEY_UIMainStoryboardFile = Main;
				INFOPLIST_KEY_UISupportedInterfaceOrientations_iPad = "UIInterfaceOrientationPortrait UIInterfaceOrientationPortraitUpsideDown UIInterfaceOrientationLandscapeLeft UIInterfaceOrientationLandscapeRight";
				INFOPLIST_KEY_UISupportedInterfaceOrientations_iPhone = "UIInterfaceOrientationPortrait UIInterfaceOrientationLandscapeLeft UIInterfaceOrientationLandscapeRight";
				LD_RUNPATH_SEARCH_PATHS = (
					"$(inherited)",
					"@executable_path/Frameworks",
				);
				MARKETING_VERSION = 1.0;
				PRODUCT_BUNDLE_IDENTIFIER = in.TiliaSDK;
				PRODUCT_NAME = "$(TARGET_NAME)";
				SWIFT_EMIT_LOC_STRINGS = YES;
				SWIFT_VERSION = 5.0;
				TARGETED_DEVICE_FAMILY = "1,2";
			};
			name = Release;
		};
		D135DCA327E74A540009D888 /* Debug */ = {
			isa = XCBuildConfiguration;
			baseConfigurationReference = 79419D22540D98A1C1E567BB /* Pods-TiliaSDKTests.debug.xcconfig */;
			buildSettings = {
				ALWAYS_EMBED_SWIFT_STANDARD_LIBRARIES = YES;
				BUNDLE_LOADER = "$(TEST_HOST)";
				CODE_SIGN_STYLE = Automatic;
				CURRENT_PROJECT_VERSION = 1;
				DEVELOPMENT_TEAM = PHKQX3FHH9;
				GENERATE_INFOPLIST_FILE = YES;
				IPHONEOS_DEPLOYMENT_TARGET = 15.2;
				MARKETING_VERSION = 1.0;
				PRODUCT_BUNDLE_IDENTIFIER = in.TiliaSDKTests;
				PRODUCT_NAME = "$(TARGET_NAME)";
				SWIFT_EMIT_LOC_STRINGS = NO;
				SWIFT_VERSION = 5.0;
				TARGETED_DEVICE_FAMILY = "1,2";
				TEST_HOST = "$(BUILT_PRODUCTS_DIR)/TiliaSDK.app/TiliaSDK";
			};
			name = Debug;
		};
		D135DCA427E74A540009D888 /* Release */ = {
			isa = XCBuildConfiguration;
			baseConfigurationReference = 4805CAC9E4F2314CA919F648 /* Pods-TiliaSDKTests.release.xcconfig */;
			buildSettings = {
				ALWAYS_EMBED_SWIFT_STANDARD_LIBRARIES = YES;
				BUNDLE_LOADER = "$(TEST_HOST)";
				CODE_SIGN_STYLE = Automatic;
				CURRENT_PROJECT_VERSION = 1;
				DEVELOPMENT_TEAM = PHKQX3FHH9;
				GENERATE_INFOPLIST_FILE = YES;
				IPHONEOS_DEPLOYMENT_TARGET = 15.2;
				MARKETING_VERSION = 1.0;
				PRODUCT_BUNDLE_IDENTIFIER = in.TiliaSDKTests;
				PRODUCT_NAME = "$(TARGET_NAME)";
				SWIFT_EMIT_LOC_STRINGS = NO;
				SWIFT_VERSION = 5.0;
				TARGETED_DEVICE_FAMILY = "1,2";
				TEST_HOST = "$(BUILT_PRODUCTS_DIR)/TiliaSDK.app/TiliaSDK";
			};
			name = Release;
		};
		D135DCA627E74A540009D888 /* Debug */ = {
			isa = XCBuildConfiguration;
			baseConfigurationReference = 7BD7BDACC70EF057DF9DB4B1 /* Pods-TiliaSDK-TiliaSDKUITests.debug.xcconfig */;
			buildSettings = {
				ALWAYS_EMBED_SWIFT_STANDARD_LIBRARIES = YES;
				CODE_SIGN_STYLE = Automatic;
				CURRENT_PROJECT_VERSION = 1;
				DEVELOPMENT_TEAM = PHKQX3FHH9;
				GENERATE_INFOPLIST_FILE = YES;
				MARKETING_VERSION = 1.0;
				PRODUCT_BUNDLE_IDENTIFIER = in.TiliaSDKUITests;
				PRODUCT_NAME = "$(TARGET_NAME)";
				SWIFT_EMIT_LOC_STRINGS = NO;
				SWIFT_VERSION = 5.0;
				TARGETED_DEVICE_FAMILY = "1,2";
				TEST_TARGET_NAME = TiliaSDK;
			};
			name = Debug;
		};
		D135DCA727E74A540009D888 /* Release */ = {
			isa = XCBuildConfiguration;
			baseConfigurationReference = 4801AF83E70591F9F4B3617F /* Pods-TiliaSDK-TiliaSDKUITests.release.xcconfig */;
			buildSettings = {
				ALWAYS_EMBED_SWIFT_STANDARD_LIBRARIES = YES;
				CODE_SIGN_STYLE = Automatic;
				CURRENT_PROJECT_VERSION = 1;
				DEVELOPMENT_TEAM = PHKQX3FHH9;
				GENERATE_INFOPLIST_FILE = YES;
				MARKETING_VERSION = 1.0;
				PRODUCT_BUNDLE_IDENTIFIER = in.TiliaSDKUITests;
				PRODUCT_NAME = "$(TARGET_NAME)";
				SWIFT_EMIT_LOC_STRINGS = NO;
				SWIFT_VERSION = 5.0;
				TARGETED_DEVICE_FAMILY = "1,2";
				TEST_TARGET_NAME = TiliaSDK;
			};
			name = Release;
		};
/* End XCBuildConfiguration section */

/* Begin XCConfigurationList section */
		D135DC7027E74A4A0009D888 /* Build configuration list for PBXProject "TiliaSDK" */ = {
			isa = XCConfigurationList;
			buildConfigurations = (
				D135DC9D27E74A540009D888 /* Debug */,
				D135DC9E27E74A540009D888 /* Release */,
			);
			defaultConfigurationIsVisible = 0;
			defaultConfigurationName = Release;
		};
		D135DC9F27E74A540009D888 /* Build configuration list for PBXNativeTarget "TiliaSDK" */ = {
			isa = XCConfigurationList;
			buildConfigurations = (
				D135DCA027E74A540009D888 /* Debug */,
				D135DCA127E74A540009D888 /* Release */,
			);
			defaultConfigurationIsVisible = 0;
			defaultConfigurationName = Release;
		};
		D135DCA227E74A540009D888 /* Build configuration list for PBXNativeTarget "TiliaSDKTests" */ = {
			isa = XCConfigurationList;
			buildConfigurations = (
				D135DCA327E74A540009D888 /* Debug */,
				D135DCA427E74A540009D888 /* Release */,
			);
			defaultConfigurationIsVisible = 0;
			defaultConfigurationName = Release;
		};
		D135DCA527E74A540009D888 /* Build configuration list for PBXNativeTarget "TiliaSDKUITests" */ = {
			isa = XCConfigurationList;
			buildConfigurations = (
				D135DCA627E74A540009D888 /* Debug */,
				D135DCA727E74A540009D888 /* Release */,
			);
			defaultConfigurationIsVisible = 0;
			defaultConfigurationName = Release;
		};
/* End XCConfigurationList section */
	};
	rootObject = D135DC6D27E74A4A0009D888 /* Project object */;
}
